
Microsoft Visual Studio Solution File, Format Version 12.00
# Visual Studio Version 17
VisualStudioVersion = 17.1.32414.318
MinimumVisualStudioVersion = 10.0.40219.1
Project("{FAE04EC0-301F-11D3-BF4B-00C04F79EFBC}") = "Ejercicio6", "Ejercicio6\Ejercicio6.csproj", "{9046D7C3-585B-4AA7-AAFD-28E262E2ED23}"
EndProject
Global
	GlobalSection(SolutionConfigurationPlatforms) = preSolution
		Debug|Any CPU = Debug|Any CPU
		Release|Any CPU = Release|Any CPU
	EndGlobalSection
	GlobalSection(ProjectConfigurationPlatforms) = postSolution
		{9046D7C3-585B-4AA7-AAFD-28E262E2ED23}.Debug|Any CPU.ActiveCfg = Debug|Any CPU
		{9046D7C3-585B-4AA7-AAFD-28E262E2ED23}.Debug|Any CPU.Build.0 = Debug|Any CPU
		{9046D7C3-585B-4AA7-AAFD-28E262E2ED23}.Release|Any CPU.ActiveCfg = Release|Any CPU
		{9046D7C3-585B-4AA7-AAFD-28E262E2ED23}.Release|Any CPU.Build.0 = Release|Any CPU
	EndGlobalSection
	GlobalSection(SolutionProperties) = preSolution
		HideSolutionNode = FALSE
	EndGlobalSection
	GlobalSection(ExtensibilityGlobals) = postSolution
		SolutionGuid = {24981D4B-FD94-4310-858B-F988E037E019}
	EndGlobalSection
EndGlobal
